# THIS IS AN AUTOGENERATED FILE. DO NOT EDIT THIS FILE DIRECTLY.
# yarn lockfile v1


"@anima-protocol/anima@^0.1.1":
  version "0.1.1"
  resolved "https://registry.yarnpkg.com/@anima-protocol/anima/-/anima-0.1.1.tgz#44cf915cdf94b5a9b41c90d32b2de4c362752022"
  integrity sha512-qqfqgDR6Ya+Rl/bLFEZotFt5o0foBDPOou0rlgxnHagb7ns+O826f7sfTGnNQ8xU0nYqCsgEdWtcYF6l9eo3QQ==
